
Microsoft Visual Studio Solution File, Format Version 12.00
# Visual Studio Version 17
VisualStudioVersion = 17.7.34031.279
MinimumVisualStudioVersion = 10.0.40219.1
Project("{FAE04EC0-301F-11D3-BF4B-00C04F79EFBC}") = "FileHandling1", "FileHandling1\FileHandling1.csproj", "{EE48AEE9-9CE8-4ECC-8A12-90614C0CF83E}"
EndProject
Global
	GlobalSection(SolutionConfigurationPlatforms) = preSolution
		Debug|Any CPU = Debug|Any CPU
		Release|Any CPU = Release|Any CPU
	EndGlobalSection
	GlobalSection(ProjectConfigurationPlatforms) = postSolution
		{EE48AEE9-9CE8-4ECC-8A12-90614C0CF83E}.Debug|Any CPU.ActiveCfg = Debug|Any CPU
		{EE48AEE9-9CE8-4ECC-8A12-90614C0CF83E}.Debug|Any CPU.Build.0 = Debug|Any CPU
		{EE48AEE9-9CE8-4ECC-8A12-90614C0CF83E}.Release|Any CPU.ActiveCfg = Release|Any CPU
		{EE48AEE9-9CE8-4ECC-8A12-90614C0CF83E}.Release|Any CPU.Build.0 = Release|Any CPU
	EndGlobalSection
	GlobalSection(SolutionProperties) = preSolution
		HideSolutionNode = FALSE
	EndGlobalSection
	GlobalSection(ExtensibilityGlobals) = postSolution
		SolutionGuid = {5FBAFE34-2BD4-4E8B-8F6E-A68C567D6F5F}
	EndGlobalSection
EndGlobal
